
Microsoft Visual Studio Solution File, Format Version 12.00
# Visual Studio Version 17
VisualStudioVersion = 17.5.33530.505
MinimumVisualStudioVersion = 10.0.40219.1
Project("{9A19103F-16F7-4668-BE54-9A1E7A4F7556}") = "mslearn-dotnet-files", "mslearn-dotnet-files.csproj", "{DD5BCBE7-513A-4834-9FB5-3F6110344786}"
EndProject
Global
	GlobalSection(SolutionConfigurationPlatforms) = preSolution
		Debug|Any CPU = Debug|Any CPU
		Release|Any CPU = Release|Any CPU
	EndGlobalSection
	GlobalSection(ProjectConfigurationPlatforms) = postSolution
		{DD5BCBE7-513A-4834-9FB5-3F6110344786}.Debug|Any CPU.ActiveCfg = Debug|Any CPU
		{DD5BCBE7-513A-4834-9FB5-3F6110344786}.Debug|Any CPU.Build.0 = Debug|Any CPU
		{DD5BCBE7-513A-4834-9FB5-3F6110344786}.Release|Any CPU.ActiveCfg = Release|Any CPU
		{DD5BCBE7-513A-4834-9FB5-3F6110344786}.Release|Any CPU.Build.0 = Release|Any CPU
	EndGlobalSection
	GlobalSection(SolutionProperties) = preSolution
		HideSolutionNode = FALSE
	EndGlobalSection
	GlobalSection(ExtensibilityGlobals) = postSolution
		SolutionGuid = {479852FB-D873-4A80-A1C7-2F716165FAC8}
	EndGlobalSection
EndGlobal
